
Microsoft Visual Studio Solution File, Format Version 12.00
# Visual Studio Version 16
VisualStudioVersion = 16.0.31112.23
MinimumVisualStudioVersion = 10.0.40219.1
Project("{9A19103F-16F7-4668-BE54-9A1E7A4F7556}") = "Idle_Factorio", "Idle_Factorio\Idle_Factorio.csproj", "{BCA85985-3279-40F2-8DA3-979A1E40CCCE}"
EndProject
Project("{9A19103F-16F7-4668-BE54-9A1E7A4F7556}") = "Manager_Resource", "Manager_Resource\Manager_Resource.csproj", "{C149EE78-CF6E-4152-AB98-D2758CE9E401}"
EndProject
Project("{9A19103F-16F7-4668-BE54-9A1E7A4F7556}") = "Game_Engine", "Game_Engine\Game_Engine.csproj", "{5C5D0C01-FF0D-4797-88CE-858F484A247E}"
EndProject
Project("{9A19103F-16F7-4668-BE54-9A1E7A4F7556}") = "Test_Idle_Factorio", "Test_Idle_Factorio\Test_Idle_Factorio.csproj", "{0A3524BF-D9F8-4E08-9EBA-0624A735C712}"
EndProject
Project("{9A19103F-16F7-4668-BE54-9A1E7A4F7556}") = "Idle_Factorio_Basic", "Idle_Factorio_Basic\Idle_Factorio_Basic.csproj", "{E5609640-E3A2-4798-A6A9-0349252C2EB7}"
EndProject
Global
	GlobalSection(SolutionConfigurationPlatforms) = preSolution
		Debug|Any CPU = Debug|Any CPU
		Release|Any CPU = Release|Any CPU
	EndGlobalSection
	GlobalSection(ProjectConfigurationPlatforms) = postSolution
		{BCA85985-3279-40F2-8DA3-979A1E40CCCE}.Debug|Any CPU.ActiveCfg = Debug|Any CPU
		{BCA85985-3279-40F2-8DA3-979A1E40CCCE}.Debug|Any CPU.Build.0 = Debug|Any CPU
		{BCA85985-3279-40F2-8DA3-979A1E40CCCE}.Release|Any CPU.ActiveCfg = Release|Any CPU
		{BCA85985-3279-40F2-8DA3-979A1E40CCCE}.Release|Any CPU.Build.0 = Release|Any CPU
		{C149EE78-CF6E-4152-AB98-D2758CE9E401}.Debug|Any CPU.ActiveCfg = Debug|Any CPU
		{C149EE78-CF6E-4152-AB98-D2758CE9E401}.Debug|Any CPU.Build.0 = Debug|Any CPU
		{C149EE78-CF6E-4152-AB98-D2758CE9E401}.Release|Any CPU.ActiveCfg = Release|Any CPU
		{C149EE78-CF6E-4152-AB98-D2758CE9E401}.Release|Any CPU.Build.0 = Release|Any CPU
		{5C5D0C01-FF0D-4797-88CE-858F484A247E}.Debug|Any CPU.ActiveCfg = Debug|Any CPU
		{5C5D0C01-FF0D-4797-88CE-858F484A247E}.Debug|Any CPU.Build.0 = Debug|Any CPU
		{5C5D0C01-FF0D-4797-88CE-858F484A247E}.Release|Any CPU.ActiveCfg = Release|Any CPU
		{5C5D0C01-FF0D-4797-88CE-858F484A247E}.Release|Any CPU.Build.0 = Release|Any CPU
		{0A3524BF-D9F8-4E08-9EBA-0624A735C712}.Debug|Any CPU.ActiveCfg = Debug|Any CPU
		{0A3524BF-D9F8-4E08-9EBA-0624A735C712}.Debug|Any CPU.Build.0 = Debug|Any CPU
		{0A3524BF-D9F8-4E08-9EBA-0624A735C712}.Release|Any CPU.ActiveCfg = Release|Any CPU
		{0A3524BF-D9F8-4E08-9EBA-0624A735C712}.Release|Any CPU.Build.0 = Release|Any CPU
		{E5609640-E3A2-4798-A6A9-0349252C2EB7}.Debug|Any CPU.ActiveCfg = Debug|Any CPU
		{E5609640-E3A2-4798-A6A9-0349252C2EB7}.Debug|Any CPU.Build.0 = Debug|Any CPU
		{E5609640-E3A2-4798-A6A9-0349252C2EB7}.Release|Any CPU.ActiveCfg = Release|Any CPU
		{E5609640-E3A2-4798-A6A9-0349252C2EB7}.Release|Any CPU.Build.0 = Release|Any CPU
	EndGlobalSection
	GlobalSection(SolutionProperties) = preSolution
		HideSolutionNode = FALSE
	EndGlobalSection
	GlobalSection(ExtensibilityGlobals) = postSolution
		SolutionGuid = {0E658B0A-59FC-4650-9505-4BBD0DD07C4D}
	EndGlobalSection
EndGlobal
